github.com/fluent/fluent-bit-go v0.0.0-20230731091245-a7a013e2473c h1:yKN46XJHYC/gvgH2UsisJ31+n4K3S7QYZSfU2uAWjuI=
github.com/fluent/fluent-bit-go v0.0.0-20230731091245-a7a013e2473c/go.mod h1:L92h+dgwElEyUuShEwjbiHjseW410WIcNz+Bjutc8YQ=
github.com/ugorji/go v1.1.7/go.mod h1:kZn38zHttfInRq0xu/PH0az30d+z6vm202qpg1oXVMw=
github.com/ugorji/go/codec v1.1.7 h1:2SvQaVZ1ouYrrKKwoSk2pzd4A9evlKJb9oTL+OaLUSs=
github.com/ugorji/go/codec v1.1.7/go.mod h1:Ax+UKWsSmolVDwsd+7N3ZtXu+yMGCf907BLYF3GoBXY=
