{
  "name": "assembly_script",
  "version": "1.0.0",
  "lockfileVersion": 1,
  "requires": true,
  "dependencies": {
    "assemblyscript": {
      "version": "0.17.4",
      "resolved": "https://registry.npm.taobao.org/assemblyscript/download/assemblyscript-0.17.4.tgz",
      "integrity": "sha1-1GEduJpClDNa1H7DxmYaJqRCh3E=",
      "dev": true,
      "requires": {
        "binaryen": "98.0.0-nightly.20201109",
        "long": "^4.0.0"
      }
    },
    "binaryen": {
      "version": "98.0.0-nightly.20201109",
      "resolved": "https://registry.npm.taobao.org/binaryen/download/binaryen-98.0.0-nightly.20201109.tgz",
      "integrity": "sha1-USv2yhXGe/dAIURzSkg25jmTqgU=",
      "dev": true
    },
    "long": {
      "version": "4.0.0",
      "resolved": "https://registry.npm.taobao.org/long/download/long-4.0.0.tgz?cache=0&other_urls=https%3A%2F%2Fregistry.npm.taobao.org%2Flong%2Fdownload%2Flong-4.0.0.tgz",
      "integrity": "sha1-mntxz7fTYaGU6lVSQckvdGjVvyg=",
      "dev": true
    }
  }
}
